github.com/cdvelop/strings v0.0.7 h1:QNgHE+qUE37jRrJbD7lR2/T9Qb/2QezyqjZyD+qYQL0=
github.com/cdvelop/strings v0.0.7/go.mod h1:zNexDeXHRETbMmlmNThQeM7ksRsvzrphsCfwuSxaURk=
github.com/cdvelop/timeserver v0.0.22 h1:zMLq5lirYoxR/vOimVr5mEkeaKGYB2xfwHBEbFC637s=
github.com/cdvelop/timetools v0.0.23 h1:Ea5WtdnULgzINXhGwg/dGDFxOb3BADQR6zPbM/H7Afg=
