github.com/cdvelop/strings v0.0.7 h1:QNgHE+qUE37jRrJbD7lR2/T9Qb/2QezyqjZyD+qYQL0=
github.com/cdvelop/strings v0.0.7/go.mod h1:zNexDeXHRETbMmlmNThQeM7ksRsvzrphsCfwuSxaURk=
github.com/cdvelop/timeserver v0.0.23 h1:s8rOjRNBfpyO8MZu62wLwvQkXTG63xMSNMAYGjFS6J0=
github.com/cdvelop/timetools v0.0.24 h1:nXzqrFJeA/oKvNsnMnnRG4za2q2PNlv63Y0L3DWIxP4=
